
Microsoft Visual Studio Solution File, Format Version 12.00
# Visual Studio Version 16
VisualStudioVersion = 16.0.31911.196
MinimumVisualStudioVersion = 10.0.40219.1
Project("{9A19103F-16F7-4668-BE54-9A1E7A4F7556}") = "и", "и\и.csproj", "{22E84D46-87F9-4137-878E-5F0060AEAE24}"
EndProject
Project("{9A19103F-16F7-4668-BE54-9A1E7A4F7556}") = "multiplying", "multiplying\multiplying.csproj", "{651B2F0D-136E-436B-A6F6-37317C6AA6B2}"
EndProject
Project("{9A19103F-16F7-4668-BE54-9A1E7A4F7556}") = "MagicNum", "MagicNum\MagicNum.csproj", "{AC544203-DEF5-4971-85C1-857A09542C3F}"
EndProject
Project("{9A19103F-16F7-4668-BE54-9A1E7A4F7556}") = "TRAVELLING", "TRAVELLING\TRAVELLING.csproj", "{B2D88EC9-BDCC-4AFF-9A62-E9AA7CCF12FF}"
EndProject
Project("{9A19103F-16F7-4668-BE54-9A1E7A4F7556}") = "06.Building", "06.Building\06.Building.csproj", "{061ED97F-5951-4A51-862B-99E43758D292}"
EndProject
Project("{FAE04EC0-301F-11D3-BF4B-00C04F79EFBC}") = "Combinations", "Combinations\Combinations.csproj", "{A334DE61-2F3D-4EC2-8E26-A78291513EE6}"
EndProject
Global
	GlobalSection(SolutionConfigurationPlatforms) = preSolution
		Debug|Any CPU = Debug|Any CPU
		Release|Any CPU = Release|Any CPU
	EndGlobalSection
	GlobalSection(ProjectConfigurationPlatforms) = postSolution
		{22E84D46-87F9-4137-878E-5F0060AEAE24}.Debug|Any CPU.ActiveCfg = Debug|Any CPU
		{22E84D46-87F9-4137-878E-5F0060AEAE24}.Debug|Any CPU.Build.0 = Debug|Any CPU
		{22E84D46-87F9-4137-878E-5F0060AEAE24}.Release|Any CPU.ActiveCfg = Release|Any CPU
		{22E84D46-87F9-4137-878E-5F0060AEAE24}.Release|Any CPU.Build.0 = Release|Any CPU
		{651B2F0D-136E-436B-A6F6-37317C6AA6B2}.Debug|Any CPU.ActiveCfg = Debug|Any CPU
		{651B2F0D-136E-436B-A6F6-37317C6AA6B2}.Debug|Any CPU.Build.0 = Debug|Any CPU
		{651B2F0D-136E-436B-A6F6-37317C6AA6B2}.Release|Any CPU.ActiveCfg = Release|Any CPU
		{651B2F0D-136E-436B-A6F6-37317C6AA6B2}.Release|Any CPU.Build.0 = Release|Any CPU
		{AC544203-DEF5-4971-85C1-857A09542C3F}.Debug|Any CPU.ActiveCfg = Debug|Any CPU
		{AC544203-DEF5-4971-85C1-857A09542C3F}.Debug|Any CPU.Build.0 = Debug|Any CPU
		{AC544203-DEF5-4971-85C1-857A09542C3F}.Release|Any CPU.ActiveCfg = Release|Any CPU
		{AC544203-DEF5-4971-85C1-857A09542C3F}.Release|Any CPU.Build.0 = Release|Any CPU
		{B2D88EC9-BDCC-4AFF-9A62-E9AA7CCF12FF}.Debug|Any CPU.ActiveCfg = Debug|Any CPU
		{B2D88EC9-BDCC-4AFF-9A62-E9AA7CCF12FF}.Debug|Any CPU.Build.0 = Debug|Any CPU
		{B2D88EC9-BDCC-4AFF-9A62-E9AA7CCF12FF}.Release|Any CPU.ActiveCfg = Release|Any CPU
		{B2D88EC9-BDCC-4AFF-9A62-E9AA7CCF12FF}.Release|Any CPU.Build.0 = Release|Any CPU
		{061ED97F-5951-4A51-862B-99E43758D292}.Debug|Any CPU.ActiveCfg = Debug|Any CPU
		{061ED97F-5951-4A51-862B-99E43758D292}.Debug|Any CPU.Build.0 = Debug|Any CPU
		{061ED97F-5951-4A51-862B-99E43758D292}.Release|Any CPU.ActiveCfg = Release|Any CPU
		{061ED97F-5951-4A51-862B-99E43758D292}.Release|Any CPU.Build.0 = Release|Any CPU
		{A334DE61-2F3D-4EC2-8E26-A78291513EE6}.Debug|Any CPU.ActiveCfg = Debug|Any CPU
		{A334DE61-2F3D-4EC2-8E26-A78291513EE6}.Debug|Any CPU.Build.0 = Debug|Any CPU
		{A334DE61-2F3D-4EC2-8E26-A78291513EE6}.Release|Any CPU.ActiveCfg = Release|Any CPU
		{A334DE61-2F3D-4EC2-8E26-A78291513EE6}.Release|Any CPU.Build.0 = Release|Any CPU
	EndGlobalSection
	GlobalSection(SolutionProperties) = preSolution
		HideSolutionNode = FALSE
	EndGlobalSection
	GlobalSection(ExtensibilityGlobals) = postSolution
		SolutionGuid = {CABC8304-E686-497C-908E-288AAE3169C8}
	EndGlobalSection
EndGlobal
